
Microsoft Visual Studio Solution File, Format Version 12.00
# Visual Studio Version 17
VisualStudioVersion = 17.4.33213.308
MinimumVisualStudioVersion = 10.0.40219.1
Project("{FAE04EC0-301F-11D3-BF4B-00C04F79EFBC}") = "RazorEjemplo", "RazorEjemplo\RazorEjemplo.csproj", "{63C8B501-98E1-4182-89AC-259538E21A2F}"
EndProject
Global
	GlobalSection(SolutionConfigurationPlatforms) = preSolution
		Debug|Any CPU = Debug|Any CPU
		Release|Any CPU = Release|Any CPU
	EndGlobalSection
	GlobalSection(ProjectConfigurationPlatforms) = postSolution
		{63C8B501-98E1-4182-89AC-259538E21A2F}.Debug|Any CPU.ActiveCfg = Debug|Any CPU
		{63C8B501-98E1-4182-89AC-259538E21A2F}.Debug|Any CPU.Build.0 = Debug|Any CPU
		{63C8B501-98E1-4182-89AC-259538E21A2F}.Release|Any CPU.ActiveCfg = Release|Any CPU
		{63C8B501-98E1-4182-89AC-259538E21A2F}.Release|Any CPU.Build.0 = Release|Any CPU
	EndGlobalSection
	GlobalSection(SolutionProperties) = preSolution
		HideSolutionNode = FALSE
	EndGlobalSection
	GlobalSection(ExtensibilityGlobals) = postSolution
		SolutionGuid = {CE2233DD-353F-49FF-8D8D-0B2330443BB6}
	EndGlobalSection
EndGlobal
